
Microsoft Visual Studio Solution File, Format Version 12.00
# Visual Studio Version 17
VisualStudioVersion = 17.14.36518.9 d17.14
MinimumVisualStudioVersion = 10.0.40219.1
Project("{8BC9CEB8-8B4A-11D0-8D11-00A0C91BC942}") = "RequestTrace UAC Bypass", "RequestTrace UAC Bypass\RequestTrace UAC Bypass.vcxproj", "{A887E494-7E20-481C-86A9-AA4F4BCFA070}"
EndProject
Global
	GlobalSection(SolutionConfigurationPlatforms) = preSolution
		Debug|x64 = Debug|x64
		Debug|x86 = Debug|x86
		Release|x64 = Release|x64
		Release|x86 = Release|x86
	EndGlobalSection
	GlobalSection(ProjectConfigurationPlatforms) = postSolution
		{A887E494-7E20-481C-86A9-AA4F4BCFA070}.Debug|x64.ActiveCfg = Debug|x64
		{A887E494-7E20-481C-86A9-AA4F4BCFA070}.Debug|x64.Build.0 = Debug|x64
		{A887E494-7E20-481C-86A9-AA4F4BCFA070}.Debug|x86.ActiveCfg = Debug|Win32
		{A887E494-7E20-481C-86A9-AA4F4BCFA070}.Debug|x86.Build.0 = Debug|Win32
		{A887E494-7E20-481C-86A9-AA4F4BCFA070}.Release|x64.ActiveCfg = Release|x64
		{A887E494-7E20-481C-86A9-AA4F4BCFA070}.Release|x64.Build.0 = Release|x64
		{A887E494-7E20-481C-86A9-AA4F4BCFA070}.Release|x86.ActiveCfg = Release|Win32
		{A887E494-7E20-481C-86A9-AA4F4BCFA070}.Release|x86.Build.0 = Release|Win32
	EndGlobalSection
	GlobalSection(SolutionProperties) = preSolution
		HideSolutionNode = FALSE
	EndGlobalSection
	GlobalSection(ExtensibilityGlobals) = postSolution
		SolutionGuid = {4B46FAB3-45B1-4561-9BA1-7A0A39013B15}
	EndGlobalSection
EndGlobal
